// !$*UTF8*$!
{
	archiveVersion = 1;
	classes = {
	};
	objectVersion = 48;
	objects = {

/* Begin PBXBuildFile section */
		0DB24D7B200337EC00311948 /* AppDelegate.swift in Sources */ = {isa = PBXBuildFile; fileRef = 0DB24D7A200337EC00311948 /* AppDelegate.swift */; };
		0DB24D7D200337EC00311948 /* ViewController.swift in Sources */ = {isa = PBXBuildFile; fileRef = 0DB24D7C200337EC00311948 /* ViewController.swift */; };
		0DB24D80200337EC00311948 /* Main.storyboard in Resources */ = {isa = PBXBuildFile; fileRef = 0DB24D7E200337EC00311948 /* Main.storyboard */; };
		0DB24D82200337EC00311948 /* Assets.xcassets in Resources */ = {isa = PBXBuildFile; fileRef = 0DB24D81200337EC00311948 /* Assets.xcassets */; };
		0DB24D85200337EC00311948 /* LaunchScreen.storyboard in Resources */ = {isa = PBXBuildFile; fileRef = 0DB24D83200337EC00311948 /* LaunchScreen.storyboard */; };
		0DB24D8D20033F0D00311948 /* GestureProgViewController.swift in Sources */ = {isa = PBXBuildFile; fileRef = 0DB24D8C20033F0D00311948 /* GestureProgViewController.swift */; };
		0DB24D8F2003418200311948 /* Baseball.png in Resources */ = {isa = PBXBuildFile; fileRef = 0DB24D8E2003418200311948 /* Baseball.png */; };
/* End PBXBuildFile section */

/* Begin PBXFileReference section */
		0DB24D77200337EC00311948 /* Day 7 - Gesture on Ball.app */ = {isa = PBXFileReference; explicitFileType = wrapper.application; includeInIndex = 0; path = "Day 7 - Gesture on Ball.app"; sourceTree = BUILT_PRODUCTS_DIR; };
		0DB24D7A200337EC00311948 /* AppDelegate.swift */ = {isa = PBXFileReference; lastKnownFileType = sourcecode.swift; path = AppDelegate.swift; sourceTree = "<group>"; };
		0DB24D7C200337EC00311948 /* ViewController.swift */ = {isa = PBXFileReference; lastKnownFileType = sourcecode.swift; path = ViewController.swift; sourceTree = "<group>"; };
		0DB24D7F200337EC00311948 /* Base */ = {isa = PBXFileReference; lastKnownFileType = file.storyboard; name = Base; path = Base.lproj/Main.storyboard; sourceTree = "<group>"; };
		0DB24D81200337EC00311948 /* Assets.xcassets */ = {isa = PBXFileReference; lastKnownFileType = folder.assetcatalog; path = Assets.xcassets; sourceTree = "<group>"; };
		0DB24D84200337EC00311948 /* Base */ = {isa = PBXFileReference; lastKnownFileType = file.storyboard; name = Base; path = Base.lproj/LaunchScreen.storyboard; sourceTree = "<group>"; };
		0DB24D86200337EC00311948 /* Info.plist */ = {isa = PBXFileReference; lastKnownFileType = text.plist.xml; path = Info.plist; sourceTree = "<group>"; };
		0DB24D8C20033F0D00311948 /* GestureProgViewController.swift */ = {isa = PBXFileReference; lastKnownFileType = sourcecode.swift; path = GestureProgViewController.swift; sourceTree = "<group>"; };
		0DB24D8E2003418200311948 /* Baseball.png */ = {isa = PBXFileReference; lastKnownFileType = image.png; path = Baseball.png; sourceTree = "<group>"; };
/* End PBXFileReference section */

/* Begin PBXFrameworksBuildPhase section */
		0DB24D74200337EC00311948 /* Frameworks */ = {
			isa = PBXFrameworksBuildPhase;
			buildActionMask = 2147483647;
			files = (
			);
			runOnlyForDeploymentPostprocessing = 0;
		};
/* End PBXFrameworksBuildPhase section */

/* Begin PBXGroup section */
		0DB24D6E200337EC00311948 = {
			isa = PBXGroup;
			children = (
				0DB24D79200337EC00311948 /* Day 7 - Gesture on Ball */,
				0DB24D78200337EC00311948 /* Products */,
			);
			sourceTree = "<group>";
		};
		0DB24D78200337EC00311948 /* Products */ = {
			isa = PBXGroup;
			children = (
				0DB24D77200337EC00311948 /* Day 7 - Gesture on Ball.app */,
			);
			name = Products;
			sourceTree = "<group>";
		};
		0DB24D79200337EC00311948 /* Day 7 - Gesture on Ball */ = {
			isa = PBXGroup;
			children = (
				0DB24D8E2003418200311948 /* Baseball.png */,
				0DB24D7A200337EC00311948 /* AppDelegate.swift */,
				0DB24D8C20033F0D00311948 /* GestureProgViewController.swift */,
				0DB24D7C200337EC00311948 /* ViewController.swift */,
				0DB24D7E200337EC00311948 /* Main.storyboard */,
				0DB24D81200337EC00311948 /* Assets.xcassets */,
				0DB24D83200337EC00311948 /* LaunchScreen.storyboard */,
				0DB24D86200337EC00311948 /* Info.plist */,
			);
			path = "Day 7 - Gesture on Ball";
			sourceTree = "<group>";
		};
/* End PBXGroup section */

/* Begin PBXNativeTarget section */
		0DB24D76200337EC00311948 /* Day 7 - Gesture on Ball */ = {
			isa = PBXNativeTarget;
			buildConfigurationList = 0DB24D89200337EC00311948 /* Build configuration list for PBXNativeTarget "Day 7 - Gesture on Ball" */;
			buildPhases = (
				0DB24D73200337EC00311948 /* Sources */,
				0DB24D74200337EC00311948 /* Frameworks */,
				0DB24D75200337EC00311948 /* Resources */,
			);
			buildRules = (
			);
			dependencies = (
			);
			name = "Day 7 - Gesture on Ball";
			productName = "Day 7 - Gesture on Ball";
			productReference = 0DB24D77200337EC00311948 /* Day 7 - Gesture on Ball.app */;
			productType = "com.apple.product-type.application";
		};
/* End PBXNativeTarget section */

/* Begin PBXProject section */
		0DB24D6F200337EC00311948 /* Project object */ = {
			isa = PBXProject;
			attributes = {
				LastSwiftUpdateCheck = 0920;
				LastUpgradeCheck = 0920;
				ORGANIZATIONNAME = "Prashant Gaikwad";
				TargetAttributes = {
					0DB24D76200337EC00311948 = {
						CreatedOnToolsVersion = 9.2;
						ProvisioningStyle = Automatic;
					};
				};
			};
			buildConfigurationList = 0DB24D72200337EC00311948 /* Build configuration list for PBXProject "Day 7 - Gesture on Ball" */;
			compatibilityVersion = "Xcode 8.0";
			developmentRegion = en;
			hasScannedForEncodings = 0;
			knownRegions = (
				en,
				Base,
			);
			mainGroup = 0DB24D6E200337EC00311948;
			productRefGroup = 0DB24D78200337EC00311948 /* Products */;
			projectDirPath = "";
			projectRoot = "";
			targets = (
				0DB24D76200337EC00311948 /* Day 7 - Gesture on Ball */,
			);
		};
/* End PBXProject section */

/* Begin PBXResourcesBuildPhase section */
		0DB24D75200337EC00311948 /* Resources */ = {
			isa = PBXResourcesBuildPhase;
			buildActionMask = 2147483647;
			files = (
				0DB24D85200337EC00311948 /* LaunchScreen.storyboard in Resources */,
				0DB24D82200337EC00311948 /* Assets.xcassets in Resources */,
				0DB24D80200337EC00311948 /* Main.storyboard in Resources */,
				0DB24D8F2003418200311948 /* Baseball.png in Resources */,
			);
			runOnlyForDeploymentPostprocessing = 0;
		};
/* End PBXResourcesBuildPhase section */

/* Begin PBXSourcesBuildPhase section */
		0DB24D73200337EC00311948 /* Sources */ = {
			isa = PBXSourcesBuildPhase;
			buildActionMask = 2147483647;
			files = (
				0DB24D7D200337EC00311948 /* ViewController.swift in Sources */,
				0DB24D8D20033F0D00311948 /* GestureProgViewController.swift in Sources */,
				0DB24D7B200337EC00311948 /* AppDelegate.swift in Sources */,
			);
			runOnlyForDeploymentPostprocessing = 0;
		};
/* End PBXSourcesBuildPhase section */

/* Begin PBXVariantGroup section */
		0DB24D7E200337EC00311948 /* Main.storyboard */ = {
			isa = PBXVariantGroup;
			children = (
				0DB24D7F200337EC00311948 /* Base */,
			);
			name = Main.storyboard;
			sourceTree = "<group>";
		};
		0DB24D83200337EC00311948 /* LaunchScreen.storyboard */ = {
			isa = PBXVariantGroup;
			children = (
				0DB24D84200337EC00311948 /* Base */,
			);
			name = LaunchScreen.storyboard;
			sourceTree = "<group>";
		};
/* End PBXVariantGroup section */

/* Begin XCBuildConfiguration section */
		0DB24D87200337EC00311948 /* Debug */ = {
			isa = XCBuildConfiguration;
			buildSettings = {
				ALWAYS_SEARCH_USER_PATHS = NO;
				CLANG_ANALYZER_NONNULL = YES;
				CLANG_ANALYZER_NUMBER_OBJECT_CONVERSION = YES_AGGRESSIVE;
				CLANG_CXX_LANGUAGE_STANDARD = "gnu++14";
				CLANG_CXX_LIBRARY = "libc++";
				CLANG_ENABLE_MODULES = YES;
				CLANG_ENABLE_OBJC_ARC = YES;
				CLANG_WARN_BLOCK_CAPTURE_AUTORELEASING = YES;
				CLANG_WARN_BOOL_CONVERSION = YES;
				CLANG_WARN_COMMA = YES;
				CLANG_WARN_CONSTANT_CONVERSION = YES;
				CLANG_WARN_DIRECT_OBJC_ISA_USAGE = YES_ERROR;
				CLANG_WARN_DOCUMENTATION_COMMENTS = YES;
				CLANG_WARN_EMPTY_BODY = YES;
				CLANG_WARN_ENUM_CONVERSION = YES;
				CLANG_WARN_INFINITE_RECURSION = YES;
				CLANG_WARN_INT_CONVERSION = YES;
				CLANG_WARN_NON_LITERAL_NULL_CONVERSION = YES;
				CLANG_WARN_OBJC_LITERAL_CONVERSION = YES;
				CLANG_WARN_OBJC_ROOT_CLASS = YES_ERROR;
				CLANG_WARN_RANGE_LOOP_ANALYSIS = YES;
				CLANG_WARN_STRICT_PROTOTYPES = YES;
				CLANG_WARN_SUSPICIOUS_MOVE = YES;
				CLANG_WARN_UNGUARDED_AVAILABILITY = YES_AGGRESSIVE;
				CLANG_WARN_UNREACHABLE_CODE = YES;
				CLANG_WARN__DUPLICATE_METHOD_MATCH = YES;
				CODE_SIGN_IDENTITY = "iPhone Developer";
				COPY_PHASE_STRIP = NO;
				DEBUG_INFORMATION_FORMAT = dwarf;
				ENABLE_STRICT_OBJC_MSGSEND = YES;
				ENABLE_TESTABILITY = YES;
				GCC_C_LANGUAGE_STANDARD = gnu11;
				GCC_DYNAMIC_NO_PIC = NO;
				GCC_NO_COMMON_BLOCKS = YES;
				GCC_OPTIMIZATION_LEVEL = 0;
				GCC_PREPROCESSOR_DEFINITIONS = (
					"DEBUG=1",
					"$(inherited)",
				);
				GCC_WARN_64_TO_32_BIT_CONVERSION = YES;
				GCC_WARN_ABOUT_RETURN_TYPE = YES_ERROR;
				GCC_WARN_UNDECLARED_SELECTOR = YES;
				GCC_WARN_UNINITIALIZED_AUTOS = YES_AGGRESSIVE;
				GCC_WARN_UNUSED_FUNCTION = YES;
				GCC_WARN_UNUSED_VARIABLE = YES;
				IPHONEOS_DEPLOYMENT_TARGET = 11.2;
				MTL_ENABLE_DEBUG_INFO = YES;
				ONLY_ACTIVE_ARCH = YES;
				SDKROOT = iphoneos;
				SWIFT_ACTIVE_COMPILATION_CONDITIONS = DEBUG;
				SWIFT_OPTIMIZATION_LEVEL = "-Onone";
			};
			name = Debug;
		};
		0DB24D88200337EC00311948 /* Release */ = {
			isa = XCBuildConfiguration;
			buildSettings = {
				ALWAYS_SEARCH_USER_PATHS = NO;
				CLANG_ANALYZER_NONNULL = YES;
				CLANG_ANALYZER_NUMBER_OBJECT_CONVERSION = YES_AGGRESSIVE;
				CLANG_CXX_LANGUAGE_STANDARD = "gnu++14";
				CLANG_CXX_LIBRARY = "libc++";
				CLANG_ENABLE_MODULES = YES;
				CLANG_ENABLE_OBJC_ARC = YES;
				CLANG_WARN_BLOCK_CAPTURE_AUTORELEASING = YES;
				CLANG_WARN_BOOL_CONVERSION = YES;
				CLANG_WARN_COMMA = YES;
				CLANG_WARN_CONSTANT_CONVERSION = YES;
				CLANG_WARN_DIRECT_OBJC_ISA_USAGE = YES_ERROR;
				CLANG_WARN_DOCUMENTATION_COMMENTS = YES;
				CLANG_WARN_EMPTY_BODY = YES;
				CLANG_WARN_ENUM_CONVERSION = YES;
				CLANG_WARN_INFINITE_RECURSION = YES;
				CLANG_WARN_INT_CONVERSION = YES;
				CLANG_WARN_NON_LITERAL_NULL_CONVERSION = YES;
				CLANG_WARN_OBJC_LITERAL_CONVERSION = YES;
				CLANG_WARN_OBJC_ROOT_CLASS = YES_ERROR;
				CLANG_WARN_RANGE_LOOP_ANALYSIS = YES;
				CLANG_WARN_STRICT_PROTOTYPES = YES;
				CLANG_WARN_SUSPICIOUS_MOVE = YES;
				CLANG_WARN_UNGUARDED_AVAILABILITY = YES_AGGRESSIVE;
				CLANG_WARN_UNREACHABLE_CODE = YES;
				CLANG_WARN__DUPLICATE_METHOD_MATCH = YES;
				CODE_SIGN_IDENTITY = "iPhone Developer";
				COPY_PHASE_STRIP = NO;
				DEBUG_INFORMATION_FORMAT = "dwarf-with-dsym";
				ENABLE_NS_ASSERTIONS = NO;
				ENABLE_STRICT_OBJC_MSGSEND = YES;
				GCC_C_LANGUAGE_STANDARD = gnu11;
				GCC_NO_COMMON_BLOCKS = YES;
				GCC_WARN_64_TO_32_BIT_CONVERSION = YES;
				GCC_WARN_ABOUT_RETURN_TYPE = YES_ERROR;
				GCC_WARN_UNDECLARED_SELECTOR = YES;
				GCC_WARN_UNINITIALIZED_AUTOS = YES_AGGRESSIVE;
				GCC_WARN_UNUSED_FUNCTION = YES;
				GCC_WARN_UNUSED_VARIABLE = YES;
				IPHONEOS_DEPLOYMENT_TARGET = 11.2;
				MTL_ENABLE_DEBUG_INFO = NO;
				SDKROOT = iphoneos;
				SWIFT_OPTIMIZATION_LEVEL = "-Owholemodule";
				VALIDATE_PRODUCT = YES;
			};
			name = Release;
		};
		0DB24D8A200337EC00311948 /* Debug */ = {
			isa = XCBuildConfiguration;
			buildSettings = {
				ASSETCATALOG_COMPILER_APPICON_NAME = AppIcon;
				CODE_SIGN_STYLE = Automatic;
				DEVELOPMENT_TEAM = H28X75MLUY;
				INFOPLIST_FILE = "Day 7 - Gesture on Ball/Info.plist";
				LD_RUNPATH_SEARCH_PATHS = "$(inherited) @executable_path/Frameworks";
				PRODUCT_BUNDLE_IDENTIFIER = "com.leftrightmind.Day-7---Gesture-on-Ball";
				PRODUCT_NAME = "$(TARGET_NAME)";
				SWIFT_VERSION = 4.0;
				TARGETED_DEVICE_FAMILY = "1,2";
			};
			name = Debug;
		};
		0DB24D8B200337EC00311948 /* Release */ = {
			isa = XCBuildConfiguration;
			buildSettings = {
				ASSETCATALOG_COMPILER_APPICON_NAME = AppIcon;
				CODE_SIGN_STYLE = Automatic;
				DEVELOPMENT_TEAM = H28X75MLUY;
				INFOPLIST_FILE = "Day 7 - Gesture on Ball/Info.plist";
				LD_RUNPATH_SEARCH_PATHS = "$(inherited) @executable_path/Frameworks";
				PRODUCT_BUNDLE_IDENTIFIER = "com.leftrightmind.Day-7---Gesture-on-Ball";
				PRODUCT_NAME = "$(TARGET_NAME)";
				SWIFT_VERSION = 4.0;
				TARGETED_DEVICE_FAMILY = "1,2";
			};
			name = Release;
		};
/* End XCBuildConfiguration section */

/* Begin XCConfigurationList section */
		0DB24D72200337EC00311948 /* Build configuration list for PBXProject "Day 7 - Gesture on Ball" */ = {
			isa = XCConfigurationList;
			buildConfigurations = (
				0DB24D87200337EC00311948 /* Debug */,
				0DB24D88200337EC00311948 /* Release */,
			);
			defaultConfigurationIsVisible = 0;
			defaultConfigurationName = Release;
		};
		0DB24D89200337EC00311948 /* Build configuration list for PBXNativeTarget "Day 7 - Gesture on Ball" */ = {
			isa = XCConfigurationList;
			buildConfigurations = (
				0DB24D8A200337EC00311948 /* Debug */,
				0DB24D8B200337EC00311948 /* Release */,
			);
			defaultConfigurationIsVisible = 0;
			defaultConfigurationName = Release;
		};
/* End XCConfigurationList section */
	};
	rootObject = 0DB24D6F200337EC00311948 /* Project object */;
}
